
Microsoft Visual Studio Solution File, Format Version 12.00
# Visual Studio 15
VisualStudioVersion = 15.0.27428.2002
MinimumVisualStudioVersion = 10.0.40219.1
Project("{FAE04EC0-301F-11D3-BF4B-00C04F79EFBC}") = "DotNetCoreMVCOefeningenreeks3", "DotNetCoreMVCOefeningenreeks3\DotNetCoreMVCOefeningenreeks3.csproj", "{B191DB18-427E-4A05-A9DA-F7518D7A0A61}"
EndProject
Project("{FAE04EC0-301F-11D3-BF4B-00C04F79EFBC}") = "MyHowest", "MyHowest\MyHowest.csproj", "{22A573A0-190F-4B3B-9FA8-5B198F0747FF}"
EndProject
Global
	GlobalSection(SolutionConfigurationPlatforms) = preSolution
		Debug|Any CPU = Debug|Any CPU
		Release|Any CPU = Release|Any CPU
	EndGlobalSection
	GlobalSection(ProjectConfigurationPlatforms) = postSolution
		{B191DB18-427E-4A05-A9DA-F7518D7A0A61}.Debug|Any CPU.ActiveCfg = Debug|Any CPU
		{B191DB18-427E-4A05-A9DA-F7518D7A0A61}.Debug|Any CPU.Build.0 = Debug|Any CPU
		{B191DB18-427E-4A05-A9DA-F7518D7A0A61}.Release|Any CPU.ActiveCfg = Release|Any CPU
		{B191DB18-427E-4A05-A9DA-F7518D7A0A61}.Release|Any CPU.Build.0 = Release|Any CPU
		{22A573A0-190F-4B3B-9FA8-5B198F0747FF}.Debug|Any CPU.ActiveCfg = Debug|Any CPU
		{22A573A0-190F-4B3B-9FA8-5B198F0747FF}.Debug|Any CPU.Build.0 = Debug|Any CPU
		{22A573A0-190F-4B3B-9FA8-5B198F0747FF}.Release|Any CPU.ActiveCfg = Release|Any CPU
		{22A573A0-190F-4B3B-9FA8-5B198F0747FF}.Release|Any CPU.Build.0 = Release|Any CPU
	EndGlobalSection
	GlobalSection(SolutionProperties) = preSolution
		HideSolutionNode = FALSE
	EndGlobalSection
	GlobalSection(ExtensibilityGlobals) = postSolution
		SolutionGuid = {36B06B1B-78A3-4153-823B-AE50C80AA4B8}
	EndGlobalSection
EndGlobal
